
Microsoft Visual Studio Solution File, Format Version 12.00
# Visual Studio 15
VisualStudioVersion = 15.0.27428.2015
MinimumVisualStudioVersion = 10.0.40219.1
Project("{9A19103F-16F7-4668-BE54-9A1E7A4F7556}") = "DbLibrary", "DbLibrary\DbLibrary.csproj", "{DD6D35D0-ED08-477E-96E8-5F3B90CBA3D8}"
EndProject
Project("{9A19103F-16F7-4668-BE54-9A1E7A4F7556}") = "ServicesLibrary", "ServicesLibrary\ServicesLibrary.csproj", "{A2E93F87-8D4C-4712-9970-0F088B5E0714}"
EndProject
Project("{9A19103F-16F7-4668-BE54-9A1E7A4F7556}") = "WebApi", "WebApi\WebApi.csproj", "{FC8CB350-D1B7-4D74-B6B2-871A6E2D8454}"
EndProject
Project("{FAE04EC0-301F-11D3-BF4B-00C04F79EFBC}") = "ConsoleApp1", "ConsoleApp1\ConsoleApp1.csproj", "{A4E31795-E394-41E6-BA11-34FCFAC76103}"
EndProject
Global
	GlobalSection(SolutionConfigurationPlatforms) = preSolution
		Debug|Any CPU = Debug|Any CPU
		Release|Any CPU = Release|Any CPU
	EndGlobalSection
	GlobalSection(ProjectConfigurationPlatforms) = postSolution
		{DD6D35D0-ED08-477E-96E8-5F3B90CBA3D8}.Debug|Any CPU.ActiveCfg = Debug|Any CPU
		{DD6D35D0-ED08-477E-96E8-5F3B90CBA3D8}.Debug|Any CPU.Build.0 = Debug|Any CPU
		{DD6D35D0-ED08-477E-96E8-5F3B90CBA3D8}.Release|Any CPU.ActiveCfg = Release|Any CPU
		{DD6D35D0-ED08-477E-96E8-5F3B90CBA3D8}.Release|Any CPU.Build.0 = Release|Any CPU
		{A2E93F87-8D4C-4712-9970-0F088B5E0714}.Debug|Any CPU.ActiveCfg = Debug|Any CPU
		{A2E93F87-8D4C-4712-9970-0F088B5E0714}.Debug|Any CPU.Build.0 = Debug|Any CPU
		{A2E93F87-8D4C-4712-9970-0F088B5E0714}.Release|Any CPU.ActiveCfg = Release|Any CPU
		{A2E93F87-8D4C-4712-9970-0F088B5E0714}.Release|Any CPU.Build.0 = Release|Any CPU
		{FC8CB350-D1B7-4D74-B6B2-871A6E2D8454}.Debug|Any CPU.ActiveCfg = Debug|Any CPU
		{FC8CB350-D1B7-4D74-B6B2-871A6E2D8454}.Debug|Any CPU.Build.0 = Debug|Any CPU
		{FC8CB350-D1B7-4D74-B6B2-871A6E2D8454}.Release|Any CPU.ActiveCfg = Release|Any CPU
		{FC8CB350-D1B7-4D74-B6B2-871A6E2D8454}.Release|Any CPU.Build.0 = Release|Any CPU
		{A4E31795-E394-41E6-BA11-34FCFAC76103}.Debug|Any CPU.ActiveCfg = Debug|Any CPU
		{A4E31795-E394-41E6-BA11-34FCFAC76103}.Debug|Any CPU.Build.0 = Debug|Any CPU
		{A4E31795-E394-41E6-BA11-34FCFAC76103}.Release|Any CPU.ActiveCfg = Release|Any CPU
		{A4E31795-E394-41E6-BA11-34FCFAC76103}.Release|Any CPU.Build.0 = Release|Any CPU
	EndGlobalSection
	GlobalSection(SolutionProperties) = preSolution
		HideSolutionNode = FALSE
	EndGlobalSection
	GlobalSection(ExtensibilityGlobals) = postSolution
		SolutionGuid = {2643C091-6974-4E22-B70A-25909E511A13}
	EndGlobalSection
EndGlobal
